github.com/astaxie/session v0.0.0-20130408050157-95d7fe18579c h1:FcFM+gBQ9Os0GEs3OOk9bmq3sHj8VkiRYHIpiLFfZSI=
github.com/astaxie/session v0.0.0-20130408050157-95d7fe18579c/go.mod h1:0t1M8SLguRDiNomJJpdjSW2cifFnPTIX0HNL9MyMC78=
github.com/go-sql-driver/mysql v1.6.0 h1:BCTh4TKNUYmOmMUcQ3IipzF5prigylS7XXjEkfCHuOE=
github.com/go-sql-driver/mysql v1.6.0/go.mod h1:DCzpHaOWr8IXmIStZouvnhqoel9Qv2LBy8hT2VhHyBg=
